
Microsoft Visual Studio Solution File, Format Version 12.00
# Visual Studio Version 17
VisualStudioVersion = 17.14.36212.18 d17.14
MinimumVisualStudioVersion = 10.0.40219.1
Project("{FAE04EC0-301F-11D3-BF4B-00C04F79EFBC}") = "RaceManagementApp", "RaceManagementApp\RaceManagementApp.csproj", "{9EBE3084-8165-4232-80F9-924B4828EDCA}"
EndProject
Global
	GlobalSection(SolutionConfigurationPlatforms) = preSolution
		Debug|Any CPU = Debug|Any CPU
		Release|Any CPU = Release|Any CPU
	EndGlobalSection
	GlobalSection(ProjectConfigurationPlatforms) = postSolution
		{9EBE3084-8165-4232-80F9-924B4828EDCA}.Debug|Any CPU.ActiveCfg = Debug|Any CPU
		{9EBE3084-8165-4232-80F9-924B4828EDCA}.Debug|Any CPU.Build.0 = Debug|Any CPU
		{9EBE3084-8165-4232-80F9-924B4828EDCA}.Release|Any CPU.ActiveCfg = Release|Any CPU
		{9EBE3084-8165-4232-80F9-924B4828EDCA}.Release|Any CPU.Build.0 = Release|Any CPU
	EndGlobalSection
	GlobalSection(SolutionProperties) = preSolution
		HideSolutionNode = FALSE
	EndGlobalSection
	GlobalSection(ExtensibilityGlobals) = postSolution
		SolutionGuid = {FE773929-7D89-4F2F-9125-8E4DE08735D7}
	EndGlobalSection
EndGlobal
